
Microsoft Visual Studio Solution File, Format Version 12.00
# Visual Studio Version 17
VisualStudioVersion = 17.4.33205.214
MinimumVisualStudioVersion = 10.0.40219.1
Project("{9A19103F-16F7-4668-BE54-9A1E7A4F7556}") = "Methods", "Methods\Methods.csproj", "{E23A6CA9-17EB-48CB-9C48-4059EA7BB3DD}"
EndProject
Project("{9A19103F-16F7-4668-BE54-9A1E7A4F7556}") = "Matematik", "Matematik\Matematik.csproj", "{CA1196BE-B4C9-44D8-956C-FEF2CC254F2D}"
EndProject
Project("{9A19103F-16F7-4668-BE54-9A1E7A4F7556}") = "DegerVeReferansTipler", "DegerVeReferansTipler\DegerVeReferansTipler.csproj", "{21D537D2-EF58-41D3-92FF-BB216E216252}"
EndProject
Project("{9A19103F-16F7-4668-BE54-9A1E7A4F7556}") = "OOP1", "OOP1\OOP1.csproj", "{1CCC1EE0-5AE2-4F4D-90D7-FAC73D142DCD}"
EndProject
Project("{FAE04EC0-301F-11D3-BF4B-00C04F79EFBC}") = "Collections", "Collections\Collections.csproj", "{5B6E95C9-A048-4A71-8A98-F78E2C97A10C}"
EndProject
Project("{FAE04EC0-301F-11D3-BF4B-00C04F79EFBC}") = "GenericsIntro", "GenericsIntro\GenericsIntro.csproj", "{A22A7002-B557-4DF8-A114-269050A85193}"
EndProject
Project("{FAE04EC0-301F-11D3-BF4B-00C04F79EFBC}") = "OOP2", "OOP2\OOP2.csproj", "{A48F9C98-C1EA-4896-8F83-60CA7697586D}"
EndProject
Project("{FAE04EC0-301F-11D3-BF4B-00C04F79EFBC}") = "OOP3", "OOP3\OOP3.csproj", "{7EE3A9F3-BF7E-477C-A4A5-6CD9EBC12E89}"
EndProject
Global
	GlobalSection(SolutionConfigurationPlatforms) = preSolution
		Debug|Any CPU = Debug|Any CPU
		Release|Any CPU = Release|Any CPU
	EndGlobalSection
	GlobalSection(ProjectConfigurationPlatforms) = postSolution
		{E23A6CA9-17EB-48CB-9C48-4059EA7BB3DD}.Debug|Any CPU.ActiveCfg = Debug|Any CPU
		{E23A6CA9-17EB-48CB-9C48-4059EA7BB3DD}.Debug|Any CPU.Build.0 = Debug|Any CPU
		{E23A6CA9-17EB-48CB-9C48-4059EA7BB3DD}.Release|Any CPU.ActiveCfg = Release|Any CPU
		{E23A6CA9-17EB-48CB-9C48-4059EA7BB3DD}.Release|Any CPU.Build.0 = Release|Any CPU
		{CA1196BE-B4C9-44D8-956C-FEF2CC254F2D}.Debug|Any CPU.ActiveCfg = Debug|Any CPU
		{CA1196BE-B4C9-44D8-956C-FEF2CC254F2D}.Debug|Any CPU.Build.0 = Debug|Any CPU
		{CA1196BE-B4C9-44D8-956C-FEF2CC254F2D}.Release|Any CPU.ActiveCfg = Release|Any CPU
		{CA1196BE-B4C9-44D8-956C-FEF2CC254F2D}.Release|Any CPU.Build.0 = Release|Any CPU
		{21D537D2-EF58-41D3-92FF-BB216E216252}.Debug|Any CPU.ActiveCfg = Debug|Any CPU
		{21D537D2-EF58-41D3-92FF-BB216E216252}.Debug|Any CPU.Build.0 = Debug|Any CPU
		{21D537D2-EF58-41D3-92FF-BB216E216252}.Release|Any CPU.ActiveCfg = Release|Any CPU
		{21D537D2-EF58-41D3-92FF-BB216E216252}.Release|Any CPU.Build.0 = Release|Any CPU
		{1CCC1EE0-5AE2-4F4D-90D7-FAC73D142DCD}.Debug|Any CPU.ActiveCfg = Debug|Any CPU
		{1CCC1EE0-5AE2-4F4D-90D7-FAC73D142DCD}.Debug|Any CPU.Build.0 = Debug|Any CPU
		{1CCC1EE0-5AE2-4F4D-90D7-FAC73D142DCD}.Release|Any CPU.ActiveCfg = Release|Any CPU
		{1CCC1EE0-5AE2-4F4D-90D7-FAC73D142DCD}.Release|Any CPU.Build.0 = Release|Any CPU
		{5B6E95C9-A048-4A71-8A98-F78E2C97A10C}.Debug|Any CPU.ActiveCfg = Debug|Any CPU
		{5B6E95C9-A048-4A71-8A98-F78E2C97A10C}.Debug|Any CPU.Build.0 = Debug|Any CPU
		{5B6E95C9-A048-4A71-8A98-F78E2C97A10C}.Release|Any CPU.ActiveCfg = Release|Any CPU
		{5B6E95C9-A048-4A71-8A98-F78E2C97A10C}.Release|Any CPU.Build.0 = Release|Any CPU
		{A22A7002-B557-4DF8-A114-269050A85193}.Debug|Any CPU.ActiveCfg = Debug|Any CPU
		{A22A7002-B557-4DF8-A114-269050A85193}.Debug|Any CPU.Build.0 = Debug|Any CPU
		{A22A7002-B557-4DF8-A114-269050A85193}.Release|Any CPU.ActiveCfg = Release|Any CPU
		{A22A7002-B557-4DF8-A114-269050A85193}.Release|Any CPU.Build.0 = Release|Any CPU
		{A48F9C98-C1EA-4896-8F83-60CA7697586D}.Debug|Any CPU.ActiveCfg = Debug|Any CPU
		{A48F9C98-C1EA-4896-8F83-60CA7697586D}.Debug|Any CPU.Build.0 = Debug|Any CPU
		{A48F9C98-C1EA-4896-8F83-60CA7697586D}.Release|Any CPU.ActiveCfg = Release|Any CPU
		{A48F9C98-C1EA-4896-8F83-60CA7697586D}.Release|Any CPU.Build.0 = Release|Any CPU
		{7EE3A9F3-BF7E-477C-A4A5-6CD9EBC12E89}.Debug|Any CPU.ActiveCfg = Debug|Any CPU
		{7EE3A9F3-BF7E-477C-A4A5-6CD9EBC12E89}.Debug|Any CPU.Build.0 = Debug|Any CPU
		{7EE3A9F3-BF7E-477C-A4A5-6CD9EBC12E89}.Release|Any CPU.ActiveCfg = Release|Any CPU
		{7EE3A9F3-BF7E-477C-A4A5-6CD9EBC12E89}.Release|Any CPU.Build.0 = Release|Any CPU
	EndGlobalSection
	GlobalSection(SolutionProperties) = preSolution
		HideSolutionNode = FALSE
	EndGlobalSection
	GlobalSection(ExtensibilityGlobals) = postSolution
		SolutionGuid = {349C8222-9203-48A3-94EE-973759E6240B}
	EndGlobalSection
EndGlobal
